
Microsoft Visual Studio Solution File, Format Version 12.00
# Visual Studio Version 17
VisualStudioVersion = 17.5.33414.496
MinimumVisualStudioVersion = 10.0.40219.1
Project("{FAE04EC0-301F-11D3-BF4B-00C04F79EFBC}") = "TicketBookingRequestProcessorTests", "TicketBookingRequestProcessorTests\TicketBookingRequestProcessorTests.csproj", "{5D2907A5-D3A2-453D-B83A-9697E6AAB765}"
EndProject
Project("{FAE04EC0-301F-11D3-BF4B-00C04F79EFBC}") = "TicketBookingCore", "TicketBookingCore\TicketBookingCore.csproj", "{DD5E76D0-3914-42E1-B041-7D80987D9DF4}"
EndProject
Global
	GlobalSection(SolutionConfigurationPlatforms) = preSolution
		Debug|Any CPU = Debug|Any CPU
		Release|Any CPU = Release|Any CPU
	EndGlobalSection
	GlobalSection(ProjectConfigurationPlatforms) = postSolution
		{5D2907A5-D3A2-453D-B83A-9697E6AAB765}.Debug|Any CPU.ActiveCfg = Debug|Any CPU
		{5D2907A5-D3A2-453D-B83A-9697E6AAB765}.Debug|Any CPU.Build.0 = Debug|Any CPU
		{5D2907A5-D3A2-453D-B83A-9697E6AAB765}.Release|Any CPU.ActiveCfg = Release|Any CPU
		{5D2907A5-D3A2-453D-B83A-9697E6AAB765}.Release|Any CPU.Build.0 = Release|Any CPU
		{DD5E76D0-3914-42E1-B041-7D80987D9DF4}.Debug|Any CPU.ActiveCfg = Debug|Any CPU
		{DD5E76D0-3914-42E1-B041-7D80987D9DF4}.Debug|Any CPU.Build.0 = Debug|Any CPU
		{DD5E76D0-3914-42E1-B041-7D80987D9DF4}.Release|Any CPU.ActiveCfg = Release|Any CPU
		{DD5E76D0-3914-42E1-B041-7D80987D9DF4}.Release|Any CPU.Build.0 = Release|Any CPU
	EndGlobalSection
	GlobalSection(SolutionProperties) = preSolution
		HideSolutionNode = FALSE
	EndGlobalSection
	GlobalSection(ExtensibilityGlobals) = postSolution
		SolutionGuid = {11AC3530-BA47-490B-92E3-580975F583A8}
	EndGlobalSection
EndGlobal
